
Microsoft Visual Studio Solution File, Format Version 12.00
# Visual Studio 15
VisualStudioVersion = 15.0.26510.0
MinimumVisualStudioVersion = 10.0.40219.1
Project("{9A19103F-16F7-4668-BE54-9A1E7A4F7556}") = "Domain.Infrastructure", "Domain.Infrastructure\Domain.Infrastructure.csproj", "{C305FD82-2744-4B1D-8A07-0B01D2E263ED}"
EndProject
Project("{9A19103F-16F7-4668-BE54-9A1E7A4F7556}") = "Domain.UnitTests", "Domain.UnitTests\Domain.UnitTests.csproj", "{E6E379EA-C487-4110-97E0-EC6CD811A52F}"
EndProject
Project("{9A19103F-16F7-4668-BE54-9A1E7A4F7556}") = "Domain.Persistence.Providers.MongoDb", "Domain.Persistence.Providers.MongoDb\Domain.Persistence.Providers.MongoDb.csproj", "{C5D4107D-EEF3-4BD8-9554-D685E7AFEE1E}"
EndProject
Project("{9A19103F-16F7-4668-BE54-9A1E7A4F7556}") = "Domain.IntegrationTests", "Domain.IntegrationTests\Domain.IntegrationTests.csproj", "{731BEBFB-B7E9-49B2-A0EE-FFEF52D995AD}"
EndProject
Project("{2150E333-8FDC-42A3-9474-1A3956D46DE8}") = "Tests", "Tests", "{21AFBB3E-B593-4E6D-964E-4594CE91CD36}"
EndProject
Project("{9A19103F-16F7-4668-BE54-9A1E7A4F7556}") = "Domain.Messaging.RabbitMq", "Domain.Messaging.RabbitMq\Domain.Messaging.RabbitMq.csproj", "{421FB7D7-5971-48DB-97C9-25DA2C649130}"
EndProject
Global
	GlobalSection(SolutionConfigurationPlatforms) = preSolution
		Debug|Any CPU = Debug|Any CPU
		Release|Any CPU = Release|Any CPU
	EndGlobalSection
	GlobalSection(ProjectConfigurationPlatforms) = postSolution
		{C305FD82-2744-4B1D-8A07-0B01D2E263ED}.Debug|Any CPU.ActiveCfg = Debug|Any CPU
		{C305FD82-2744-4B1D-8A07-0B01D2E263ED}.Debug|Any CPU.Build.0 = Debug|Any CPU
		{C305FD82-2744-4B1D-8A07-0B01D2E263ED}.Release|Any CPU.ActiveCfg = Release|Any CPU
		{C305FD82-2744-4B1D-8A07-0B01D2E263ED}.Release|Any CPU.Build.0 = Release|Any CPU
		{E6E379EA-C487-4110-97E0-EC6CD811A52F}.Debug|Any CPU.ActiveCfg = Debug|Any CPU
		{E6E379EA-C487-4110-97E0-EC6CD811A52F}.Debug|Any CPU.Build.0 = Debug|Any CPU
		{E6E379EA-C487-4110-97E0-EC6CD811A52F}.Release|Any CPU.ActiveCfg = Release|Any CPU
		{E6E379EA-C487-4110-97E0-EC6CD811A52F}.Release|Any CPU.Build.0 = Release|Any CPU
		{C5D4107D-EEF3-4BD8-9554-D685E7AFEE1E}.Debug|Any CPU.ActiveCfg = Debug|Any CPU
		{C5D4107D-EEF3-4BD8-9554-D685E7AFEE1E}.Debug|Any CPU.Build.0 = Debug|Any CPU
		{C5D4107D-EEF3-4BD8-9554-D685E7AFEE1E}.Release|Any CPU.ActiveCfg = Release|Any CPU
		{C5D4107D-EEF3-4BD8-9554-D685E7AFEE1E}.Release|Any CPU.Build.0 = Release|Any CPU
		{731BEBFB-B7E9-49B2-A0EE-FFEF52D995AD}.Debug|Any CPU.ActiveCfg = Debug|Any CPU
		{731BEBFB-B7E9-49B2-A0EE-FFEF52D995AD}.Debug|Any CPU.Build.0 = Debug|Any CPU
		{731BEBFB-B7E9-49B2-A0EE-FFEF52D995AD}.Release|Any CPU.ActiveCfg = Release|Any CPU
		{731BEBFB-B7E9-49B2-A0EE-FFEF52D995AD}.Release|Any CPU.Build.0 = Release|Any CPU
		{421FB7D7-5971-48DB-97C9-25DA2C649130}.Debug|Any CPU.ActiveCfg = Debug|Any CPU
		{421FB7D7-5971-48DB-97C9-25DA2C649130}.Debug|Any CPU.Build.0 = Debug|Any CPU
		{421FB7D7-5971-48DB-97C9-25DA2C649130}.Release|Any CPU.ActiveCfg = Release|Any CPU
		{421FB7D7-5971-48DB-97C9-25DA2C649130}.Release|Any CPU.Build.0 = Release|Any CPU
	EndGlobalSection
	GlobalSection(SolutionProperties) = preSolution
		HideSolutionNode = FALSE
	EndGlobalSection
	GlobalSection(NestedProjects) = preSolution
		{E6E379EA-C487-4110-97E0-EC6CD811A52F} = {21AFBB3E-B593-4E6D-964E-4594CE91CD36}
		{731BEBFB-B7E9-49B2-A0EE-FFEF52D995AD} = {21AFBB3E-B593-4E6D-964E-4594CE91CD36}
	EndGlobalSection
EndGlobal
