
Microsoft Visual Studio Solution File, Format Version 12.00
# Visual Studio 15
VisualStudioVersion = 15.0.26510.0
MinimumVisualStudioVersion = 10.0.40219.1
Project("{9A19103F-16F7-4668-BE54-9A1E7A4F7556}") = "Domain.Infrastructure", "Domain.Infrastructure\Domain.Infrastructure.csproj", "{C305FD82-2744-4B1D-8A07-0B01D2E263ED}"
EndProject
Project("{9A19103F-16F7-4668-BE54-9A1E7A4F7556}") = "Domain.Persistence.Providers.MongoDb", "Domain.Persistence.Providers.MongoDb\Domain.Persistence.Providers.MongoDb.csproj", "{C5D4107D-EEF3-4BD8-9554-D685E7AFEE1E}"
EndProject
Project("{2150E333-8FDC-42A3-9474-1A3956D46DE8}") = "Tests", "Tests", "{21AFBB3E-B593-4E6D-964E-4594CE91CD36}"
EndProject
Project("{9A19103F-16F7-4668-BE54-9A1E7A4F7556}") = "Domain.IntegrationTests", "Tests\Domain.IntegrationTests\Domain.IntegrationTests.csproj", "{120BC6EA-4A10-4542-A705-7F05383A428A}"
EndProject
Project("{9A19103F-16F7-4668-BE54-9A1E7A4F7556}") = "Domain.UnitTests", "Tests\Domain.UnitTests\Domain.UnitTests.csproj", "{4C66BE74-68CF-4521-8A26-AA32725D4B59}"
EndProject
Global
	GlobalSection(SolutionConfigurationPlatforms) = preSolution
		Debug|Any CPU = Debug|Any CPU
		Release|Any CPU = Release|Any CPU
	EndGlobalSection
	GlobalSection(ProjectConfigurationPlatforms) = postSolution
		{C305FD82-2744-4B1D-8A07-0B01D2E263ED}.Debug|Any CPU.ActiveCfg = Debug|Any CPU
		{C305FD82-2744-4B1D-8A07-0B01D2E263ED}.Debug|Any CPU.Build.0 = Debug|Any CPU
		{C305FD82-2744-4B1D-8A07-0B01D2E263ED}.Release|Any CPU.ActiveCfg = Release|Any CPU
		{C305FD82-2744-4B1D-8A07-0B01D2E263ED}.Release|Any CPU.Build.0 = Release|Any CPU
		{C5D4107D-EEF3-4BD8-9554-D685E7AFEE1E}.Debug|Any CPU.ActiveCfg = Debug|Any CPU
		{C5D4107D-EEF3-4BD8-9554-D685E7AFEE1E}.Debug|Any CPU.Build.0 = Debug|Any CPU
		{C5D4107D-EEF3-4BD8-9554-D685E7AFEE1E}.Release|Any CPU.ActiveCfg = Release|Any CPU
		{C5D4107D-EEF3-4BD8-9554-D685E7AFEE1E}.Release|Any CPU.Build.0 = Release|Any CPU
		{120BC6EA-4A10-4542-A705-7F05383A428A}.Debug|Any CPU.ActiveCfg = Debug|Any CPU
		{120BC6EA-4A10-4542-A705-7F05383A428A}.Debug|Any CPU.Build.0 = Debug|Any CPU
		{120BC6EA-4A10-4542-A705-7F05383A428A}.Release|Any CPU.ActiveCfg = Release|Any CPU
		{120BC6EA-4A10-4542-A705-7F05383A428A}.Release|Any CPU.Build.0 = Release|Any CPU
		{4C66BE74-68CF-4521-8A26-AA32725D4B59}.Debug|Any CPU.ActiveCfg = Debug|Any CPU
		{4C66BE74-68CF-4521-8A26-AA32725D4B59}.Debug|Any CPU.Build.0 = Debug|Any CPU
		{4C66BE74-68CF-4521-8A26-AA32725D4B59}.Release|Any CPU.ActiveCfg = Release|Any CPU
		{4C66BE74-68CF-4521-8A26-AA32725D4B59}.Release|Any CPU.Build.0 = Release|Any CPU
	EndGlobalSection
	GlobalSection(SolutionProperties) = preSolution
		HideSolutionNode = FALSE
	EndGlobalSection
	GlobalSection(NestedProjects) = preSolution
		{120BC6EA-4A10-4542-A705-7F05383A428A} = {21AFBB3E-B593-4E6D-964E-4594CE91CD36}
		{4C66BE74-68CF-4521-8A26-AA32725D4B59} = {21AFBB3E-B593-4E6D-964E-4594CE91CD36}
	EndGlobalSection
EndGlobal
