
Microsoft Visual Studio Solution File, Format Version 12.00
# Visual Studio 15
VisualStudioVersion = 15.0.26510.0
MinimumVisualStudioVersion = 10.0.40219.1
Project("{9A19103F-16F7-4668-BE54-9A1E7A4F7556}") = "Roomate.Matcher.Service", "Roomate.Matcher.Service\Roomate.Matcher.Service.csproj", "{E027D49E-DD13-4DD6-8E09-D61C71DB7D1F}"
EndProject
Project("{E53339B2-1760-4266-BCC7-CA923CBCF16C}") = "docker-compose", "docker-compose.dcproj", "{4E332B83-8AC1-4427-9DCB-EFDC42375C18}"
EndProject
Project("{2150E333-8FDC-42A3-9474-1A3956D46DE8}") = "Domain.Common", "Domain.Common", "{9F15633A-231B-473F-9E6D-DA833FB0B3FC}"
EndProject
Project("{9A19103F-16F7-4668-BE54-9A1E7A4F7556}") = "Domain.Infrastructure", "..\..\Domain.Infrastructure\Domain.Infrastructure.csproj", "{D9A3E886-BBB1-4B16-B0A8-DBE2E9AE32DA}"
EndProject
Project("{9A19103F-16F7-4668-BE54-9A1E7A4F7556}") = "Domain.Messaging.RabbitMq", "..\..\Domain.Messaging.RabbitMq\Domain.Messaging.RabbitMq.csproj", "{7B0A5F7C-74D3-41D9-BBAA-6E1D4E013832}"
EndProject
Project("{9A19103F-16F7-4668-BE54-9A1E7A4F7556}") = "Domain.Persistence.Providers.MongoDb", "..\..\Domain.Persistence.Providers.MongoDb\Domain.Persistence.Providers.MongoDb.csproj", "{91CA130F-119B-4771-8FFE-058D48A44AE2}"
EndProject
Global
	GlobalSection(SolutionConfigurationPlatforms) = preSolution
		Debug|Any CPU = Debug|Any CPU
		Release|Any CPU = Release|Any CPU
	EndGlobalSection
	GlobalSection(ProjectConfigurationPlatforms) = postSolution
		{E027D49E-DD13-4DD6-8E09-D61C71DB7D1F}.Debug|Any CPU.ActiveCfg = Debug|Any CPU
		{E027D49E-DD13-4DD6-8E09-D61C71DB7D1F}.Debug|Any CPU.Build.0 = Debug|Any CPU
		{E027D49E-DD13-4DD6-8E09-D61C71DB7D1F}.Release|Any CPU.ActiveCfg = Release|Any CPU
		{E027D49E-DD13-4DD6-8E09-D61C71DB7D1F}.Release|Any CPU.Build.0 = Release|Any CPU
		{4E332B83-8AC1-4427-9DCB-EFDC42375C18}.Debug|Any CPU.ActiveCfg = Debug|Any CPU
		{4E332B83-8AC1-4427-9DCB-EFDC42375C18}.Debug|Any CPU.Build.0 = Debug|Any CPU
		{4E332B83-8AC1-4427-9DCB-EFDC42375C18}.Release|Any CPU.ActiveCfg = Release|Any CPU
		{4E332B83-8AC1-4427-9DCB-EFDC42375C18}.Release|Any CPU.Build.0 = Release|Any CPU
		{D9A3E886-BBB1-4B16-B0A8-DBE2E9AE32DA}.Debug|Any CPU.ActiveCfg = Debug|Any CPU
		{D9A3E886-BBB1-4B16-B0A8-DBE2E9AE32DA}.Debug|Any CPU.Build.0 = Debug|Any CPU
		{D9A3E886-BBB1-4B16-B0A8-DBE2E9AE32DA}.Release|Any CPU.ActiveCfg = Release|Any CPU
		{D9A3E886-BBB1-4B16-B0A8-DBE2E9AE32DA}.Release|Any CPU.Build.0 = Release|Any CPU
		{7B0A5F7C-74D3-41D9-BBAA-6E1D4E013832}.Debug|Any CPU.ActiveCfg = Debug|Any CPU
		{7B0A5F7C-74D3-41D9-BBAA-6E1D4E013832}.Debug|Any CPU.Build.0 = Debug|Any CPU
		{7B0A5F7C-74D3-41D9-BBAA-6E1D4E013832}.Release|Any CPU.ActiveCfg = Release|Any CPU
		{7B0A5F7C-74D3-41D9-BBAA-6E1D4E013832}.Release|Any CPU.Build.0 = Release|Any CPU
		{91CA130F-119B-4771-8FFE-058D48A44AE2}.Debug|Any CPU.ActiveCfg = Debug|Any CPU
		{91CA130F-119B-4771-8FFE-058D48A44AE2}.Debug|Any CPU.Build.0 = Debug|Any CPU
		{91CA130F-119B-4771-8FFE-058D48A44AE2}.Release|Any CPU.ActiveCfg = Release|Any CPU
		{91CA130F-119B-4771-8FFE-058D48A44AE2}.Release|Any CPU.Build.0 = Release|Any CPU
	EndGlobalSection
	GlobalSection(SolutionProperties) = preSolution
		HideSolutionNode = FALSE
	EndGlobalSection
	GlobalSection(NestedProjects) = preSolution
		{D9A3E886-BBB1-4B16-B0A8-DBE2E9AE32DA} = {9F15633A-231B-473F-9E6D-DA833FB0B3FC}
		{7B0A5F7C-74D3-41D9-BBAA-6E1D4E013832} = {9F15633A-231B-473F-9E6D-DA833FB0B3FC}
		{91CA130F-119B-4771-8FFE-058D48A44AE2} = {9F15633A-231B-473F-9E6D-DA833FB0B3FC}
	EndGlobalSection
EndGlobal
