
Microsoft Visual Studio Solution File, Format Version 12.00
# Visual Studio 15
VisualStudioVersion = 15.0.26510.0
MinimumVisualStudioVersion = 10.0.40219.1
Project("{2150E333-8FDC-42A3-9474-1A3956D46DE8}") = "Domain.Common.Framework", "Domain.Common.Framework", "{9F15633A-231B-473F-9E6D-DA833FB0B3FC}"
EndProject
Project("{9A19103F-16F7-4668-BE54-9A1E7A4F7556}") = "Domain.Infrastructure", "..\Domain.Infrastructure\Domain.Infrastructure.csproj", "{A5CF52BD-9A5F-4E73-9DC8-E40B6C9303D7}"
EndProject
Project("{9A19103F-16F7-4668-BE54-9A1E7A4F7556}") = "Domain.Messaging.RabbitMq", "..\Domain.Messaging.RabbitMq\Domain.Messaging.RabbitMq.csproj", "{08900CAB-083A-452C-BAB9-9C5E5E8A21CE}"
EndProject
Project("{9A19103F-16F7-4668-BE54-9A1E7A4F7556}") = "Domain.Persistence.Providers.MongoDb", "..\Domain.Persistence.Providers.MongoDb\Domain.Persistence.Providers.MongoDb.csproj", "{C1076409-AAE8-4604-977F-BDB2BC70F136}"
EndProject
Project("{2150E333-8FDC-42A3-9474-1A3956D46DE8}") = "ProfilesMatcherContext", "ProfilesMatcherContext", "{1D02B650-6AEA-4075-A444-B5B8EB864B10}"
EndProject
Project("{9A19103F-16F7-4668-BE54-9A1E7A4F7556}") = "Service", "Service\Service.csproj", "{B7ABB608-101B-4A23-91BE-9002B69F9BD7}"
EndProject
Project("{9A19103F-16F7-4668-BE54-9A1E7A4F7556}") = "Domain.Model", "..\Domain.Model\Domain.Model.csproj", "{86E1DE12-08D8-41FC-9041-F7369937A4DA}"
EndProject
Project("{9A19103F-16F7-4668-BE54-9A1E7A4F7556}") = "UnitTests", "..\UnitTests\UnitTests.csproj", "{A34A3899-1F7D-41B6-8B26-59648E1BAE79}"
EndProject
Project("{9A19103F-16F7-4668-BE54-9A1E7A4F7556}") = "IntegrationTests", "IntegrationTests\IntegrationTests.csproj", "{CBDE854D-7678-43EB-96D4-E5CC89DC7859}"
EndProject
Project("{2150E333-8FDC-42A3-9474-1A3956D46DE8}") = "Tests", "Tests", "{C2CF4FF3-8933-4E9F-BF97-DAD00143CAA1}"
EndProject
Project("{E53339B2-1760-4266-BCC7-CA923CBCF16C}") = "docker-compose", "docker-compose.dcproj", "{FF9EE1E5-7947-47A8-91B4-2B47FFC7808F}"
EndProject
Global
	GlobalSection(SolutionConfigurationPlatforms) = preSolution
		Debug|Any CPU = Debug|Any CPU
		Release|Any CPU = Release|Any CPU
	EndGlobalSection
	GlobalSection(ProjectConfigurationPlatforms) = postSolution
		{A5CF52BD-9A5F-4E73-9DC8-E40B6C9303D7}.Debug|Any CPU.ActiveCfg = Debug|Any CPU
		{A5CF52BD-9A5F-4E73-9DC8-E40B6C9303D7}.Debug|Any CPU.Build.0 = Debug|Any CPU
		{A5CF52BD-9A5F-4E73-9DC8-E40B6C9303D7}.Release|Any CPU.ActiveCfg = Release|Any CPU
		{A5CF52BD-9A5F-4E73-9DC8-E40B6C9303D7}.Release|Any CPU.Build.0 = Release|Any CPU
		{08900CAB-083A-452C-BAB9-9C5E5E8A21CE}.Debug|Any CPU.ActiveCfg = Debug|Any CPU
		{08900CAB-083A-452C-BAB9-9C5E5E8A21CE}.Debug|Any CPU.Build.0 = Debug|Any CPU
		{08900CAB-083A-452C-BAB9-9C5E5E8A21CE}.Release|Any CPU.ActiveCfg = Release|Any CPU
		{08900CAB-083A-452C-BAB9-9C5E5E8A21CE}.Release|Any CPU.Build.0 = Release|Any CPU
		{C1076409-AAE8-4604-977F-BDB2BC70F136}.Debug|Any CPU.ActiveCfg = Debug|Any CPU
		{C1076409-AAE8-4604-977F-BDB2BC70F136}.Debug|Any CPU.Build.0 = Debug|Any CPU
		{C1076409-AAE8-4604-977F-BDB2BC70F136}.Release|Any CPU.ActiveCfg = Release|Any CPU
		{C1076409-AAE8-4604-977F-BDB2BC70F136}.Release|Any CPU.Build.0 = Release|Any CPU
		{B7ABB608-101B-4A23-91BE-9002B69F9BD7}.Debug|Any CPU.ActiveCfg = Debug|Any CPU
		{B7ABB608-101B-4A23-91BE-9002B69F9BD7}.Debug|Any CPU.Build.0 = Debug|Any CPU
		{B7ABB608-101B-4A23-91BE-9002B69F9BD7}.Release|Any CPU.ActiveCfg = Release|Any CPU
		{B7ABB608-101B-4A23-91BE-9002B69F9BD7}.Release|Any CPU.Build.0 = Release|Any CPU
		{86E1DE12-08D8-41FC-9041-F7369937A4DA}.Debug|Any CPU.ActiveCfg = Debug|Any CPU
		{86E1DE12-08D8-41FC-9041-F7369937A4DA}.Debug|Any CPU.Build.0 = Debug|Any CPU
		{86E1DE12-08D8-41FC-9041-F7369937A4DA}.Release|Any CPU.ActiveCfg = Release|Any CPU
		{86E1DE12-08D8-41FC-9041-F7369937A4DA}.Release|Any CPU.Build.0 = Release|Any CPU
		{A34A3899-1F7D-41B6-8B26-59648E1BAE79}.Debug|Any CPU.ActiveCfg = Debug|Any CPU
		{A34A3899-1F7D-41B6-8B26-59648E1BAE79}.Debug|Any CPU.Build.0 = Debug|Any CPU
		{A34A3899-1F7D-41B6-8B26-59648E1BAE79}.Release|Any CPU.ActiveCfg = Release|Any CPU
		{A34A3899-1F7D-41B6-8B26-59648E1BAE79}.Release|Any CPU.Build.0 = Release|Any CPU
		{CBDE854D-7678-43EB-96D4-E5CC89DC7859}.Debug|Any CPU.ActiveCfg = Debug|Any CPU
		{CBDE854D-7678-43EB-96D4-E5CC89DC7859}.Debug|Any CPU.Build.0 = Debug|Any CPU
		{CBDE854D-7678-43EB-96D4-E5CC89DC7859}.Release|Any CPU.ActiveCfg = Release|Any CPU
		{CBDE854D-7678-43EB-96D4-E5CC89DC7859}.Release|Any CPU.Build.0 = Release|Any CPU
		{FF9EE1E5-7947-47A8-91B4-2B47FFC7808F}.Debug|Any CPU.ActiveCfg = Debug|Any CPU
		{FF9EE1E5-7947-47A8-91B4-2B47FFC7808F}.Debug|Any CPU.Build.0 = Debug|Any CPU
		{FF9EE1E5-7947-47A8-91B4-2B47FFC7808F}.Release|Any CPU.ActiveCfg = Release|Any CPU
		{FF9EE1E5-7947-47A8-91B4-2B47FFC7808F}.Release|Any CPU.Build.0 = Release|Any CPU
	EndGlobalSection
	GlobalSection(SolutionProperties) = preSolution
		HideSolutionNode = FALSE
	EndGlobalSection
	GlobalSection(NestedProjects) = preSolution
		{A5CF52BD-9A5F-4E73-9DC8-E40B6C9303D7} = {9F15633A-231B-473F-9E6D-DA833FB0B3FC}
		{08900CAB-083A-452C-BAB9-9C5E5E8A21CE} = {9F15633A-231B-473F-9E6D-DA833FB0B3FC}
		{C1076409-AAE8-4604-977F-BDB2BC70F136} = {9F15633A-231B-473F-9E6D-DA833FB0B3FC}
		{B7ABB608-101B-4A23-91BE-9002B69F9BD7} = {1D02B650-6AEA-4075-A444-B5B8EB864B10}
		{86E1DE12-08D8-41FC-9041-F7369937A4DA} = {1D02B650-6AEA-4075-A444-B5B8EB864B10}
		{A34A3899-1F7D-41B6-8B26-59648E1BAE79} = {C2CF4FF3-8933-4E9F-BF97-DAD00143CAA1}
		{CBDE854D-7678-43EB-96D4-E5CC89DC7859} = {C2CF4FF3-8933-4E9F-BF97-DAD00143CAA1}
		{C2CF4FF3-8933-4E9F-BF97-DAD00143CAA1} = {1D02B650-6AEA-4075-A444-B5B8EB864B10}
	EndGlobalSection
EndGlobal
